
Microsoft Visual Studio Solution File, Format Version 12.00
# Visual Studio Version 17
VisualStudioVersion = 17.1.32210.238
MinimumVisualStudioVersion = 10.0.40219.1
Project("{FAE04EC0-301F-11D3-BF4B-00C04F79EFBC}") = "foodservices", "foodservices\foodservices.csproj", "{E064A4C3-7C58-4865-9631-27599638151E}"
EndProject
Project("{FAE04EC0-301F-11D3-BF4B-00C04F79EFBC}") = "foodbll", "foodbll\foodbll.csproj", "{C6262833-F31A-4C33-848A-AB36625B63A2}"
EndProject
Project("{FAE04EC0-301F-11D3-BF4B-00C04F79EFBC}") = "fooddal", "fooddal\fooddal.csproj", "{095FB256-9D5F-4FAE-9EAC-8E27AF79D50D}"
EndProject
Project("{FAE04EC0-301F-11D3-BF4B-00C04F79EFBC}") = "storage", "storage\storage.csproj", "{5F8EC973-C4E2-4F08-974D-4E25E0BC5376}"
EndProject
Project("{FAE04EC0-301F-11D3-BF4B-00C04F79EFBC}") = "fooddtos", "fooddtos\fooddtos.csproj", "{11071258-778E-4947-A5F9-D682983D39C6}"
EndProject
Global
	GlobalSection(SolutionConfigurationPlatforms) = preSolution
		Debug|Any CPU = Debug|Any CPU
		Release|Any CPU = Release|Any CPU
	EndGlobalSection
	GlobalSection(ProjectConfigurationPlatforms) = postSolution
		{E064A4C3-7C58-4865-9631-27599638151E}.Debug|Any CPU.ActiveCfg = Debug|Any CPU
		{E064A4C3-7C58-4865-9631-27599638151E}.Debug|Any CPU.Build.0 = Debug|Any CPU
		{E064A4C3-7C58-4865-9631-27599638151E}.Release|Any CPU.ActiveCfg = Release|Any CPU
		{E064A4C3-7C58-4865-9631-27599638151E}.Release|Any CPU.Build.0 = Release|Any CPU
		{C6262833-F31A-4C33-848A-AB36625B63A2}.Debug|Any CPU.ActiveCfg = Debug|Any CPU
		{C6262833-F31A-4C33-848A-AB36625B63A2}.Debug|Any CPU.Build.0 = Debug|Any CPU
		{C6262833-F31A-4C33-848A-AB36625B63A2}.Release|Any CPU.ActiveCfg = Release|Any CPU
		{C6262833-F31A-4C33-848A-AB36625B63A2}.Release|Any CPU.Build.0 = Release|Any CPU
		{095FB256-9D5F-4FAE-9EAC-8E27AF79D50D}.Debug|Any CPU.ActiveCfg = Debug|Any CPU
		{095FB256-9D5F-4FAE-9EAC-8E27AF79D50D}.Debug|Any CPU.Build.0 = Debug|Any CPU
		{095FB256-9D5F-4FAE-9EAC-8E27AF79D50D}.Release|Any CPU.ActiveCfg = Release|Any CPU
		{095FB256-9D5F-4FAE-9EAC-8E27AF79D50D}.Release|Any CPU.Build.0 = Release|Any CPU
		{5F8EC973-C4E2-4F08-974D-4E25E0BC5376}.Debug|Any CPU.ActiveCfg = Debug|Any CPU
		{5F8EC973-C4E2-4F08-974D-4E25E0BC5376}.Debug|Any CPU.Build.0 = Debug|Any CPU
		{5F8EC973-C4E2-4F08-974D-4E25E0BC5376}.Release|Any CPU.ActiveCfg = Release|Any CPU
		{5F8EC973-C4E2-4F08-974D-4E25E0BC5376}.Release|Any CPU.Build.0 = Release|Any CPU
		{11071258-778E-4947-A5F9-D682983D39C6}.Debug|Any CPU.ActiveCfg = Debug|Any CPU
		{11071258-778E-4947-A5F9-D682983D39C6}.Debug|Any CPU.Build.0 = Debug|Any CPU
		{11071258-778E-4947-A5F9-D682983D39C6}.Release|Any CPU.ActiveCfg = Release|Any CPU
		{11071258-778E-4947-A5F9-D682983D39C6}.Release|Any CPU.Build.0 = Release|Any CPU
	EndGlobalSection
	GlobalSection(SolutionProperties) = preSolution
		HideSolutionNode = FALSE
	EndGlobalSection
	GlobalSection(ExtensibilityGlobals) = postSolution
		SolutionGuid = {A97138E4-51EB-4EFD-A539-B5CB064D13F7}
	EndGlobalSection
EndGlobal
